
Microsoft Visual Studio Solution File, Format Version 12.00
# Visual Studio 2013
VisualStudioVersion = 12.0.21005.1
MinimumVisualStudioVersion = 10.0.40219.1
Project("{FAE04EC0-301F-11D3-BF4B-00C04F79EFBC}") = "EMBACore", "EMBACore\EMBACore.csproj", "{08EFED99-1D1A-4C69-930C-264351F44F46}"
EndProject
Project("{FAE04EC0-301F-11D3-BF4B-00C04F79EFBC}") = "Student_UserDefinedData", "Student_UserDefineData\Student_UserDefinedData.csproj", "{C5E32CFE-B208-4900-B55E-321FB8FCBB31}"
EndProject
Project("{FAE04EC0-301F-11D3-BF4B-00C04F79EFBC}") = "Teacher_UserDefineData", "Teacher_UserDefineData\Teacher_UserDefineData.csproj", "{30A419D5-800A-45DB-A888-04A5B88B9104}"
EndProject
Project("{FAE04EC0-301F-11D3-BF4B-00C04F79EFBC}") = "UDTDetailContentBase", "UDTDetailContentBase\UDTDetailContentBase\UDTDetailContentBase.csproj", "{A03943B1-4E50-4709-8FE0-521FFF988AE2}"
EndProject
Project("{FAE04EC0-301F-11D3-BF4B-00C04F79EFBC}") = "EMBA.Import", "EMBA.Import\EMBA.Import.csproj", "{3BA76CDE-1BBD-46EA-ACF0-65B1D0344626}"
EndProject
Project("{FAE04EC0-301F-11D3-BF4B-00C04F79EFBC}") = "EMBA.DocumentValidator", "EMBA.DocumentValidator\EMBA.DocumentValidator.csproj", "{A108F18E-D035-45F3-B9D4-F1B612C0DAD9}"
EndProject
Project("{FAE04EC0-301F-11D3-BF4B-00C04F79EFBC}") = "EMBA.Validator", "EMBA.Validator\EMBA.Validator.csproj", "{FEA37838-0B12-483A-8091-4B1A9A2C9378}"
EndProject
Project("{FAE04EC0-301F-11D3-BF4B-00C04F79EFBC}") = "EMBA.Export", "EMBA.Export\EMBA.Export.csproj", "{47631CAA-4F81-4458-99A0-31B342803ECB}"
EndProject
Project("{FAE04EC0-301F-11D3-BF4B-00C04F79EFBC}") = "CourseCalendar", "CourseCalender\CourseCalendar.csproj", "{B8AAC571-9BAE-4499-9BE9-B32013315472}"
EndProject
Project("{F184B08F-C81C-45F6-A57F-5ABD9991F28F}") = "BrowserWrapper", "BrowserWrapper\BrowserWrapper.vbproj", "{D3F011FF-9EA6-4DFB-845F-49742EC0A623}"
EndProject
Project("{FAE04EC0-301F-11D3-BF4B-00C04F79EFBC}") = "UIOrder", "UIOrder\UIOrder.csproj", "{2E32D3AC-C214-4584-BF20-B5112C5A28CD}"
EndProject
Project("{FAE04EC0-301F-11D3-BF4B-00C04F79EFBC}") = "CourseSelection", "CourseSelection\CourseSelection.csproj", "{F82F6176-6207-4C14-8157-C748964AE975}"
EndProject
Project("{FAE04EC0-301F-11D3-BF4B-00C04F79EFBC}") = "TeachingEvaluation", "TeachingEvaluation\TeachingEvaluation.csproj", "{2E307C1A-874C-4E38-8229-24015F4B4591}"
EndProject
Project("{FAE04EC0-301F-11D3-BF4B-00C04F79EFBC}") = "CaseManagement", "CaseManagement\CaseManagement.csproj", "{BF26BA32-1CE0-475E-A68C-3B0B2405FC35}"
EndProject
Project("{FAE04EC0-301F-11D3-BF4B-00C04F79EFBC}") = "GoogleDrive", "GoogleDrive\GoogleDrive.csproj", "{5C35222A-9930-40C5-BCFD-AC946F1810C6}"
EndProject
Project("{FAE04EC0-301F-11D3-BF4B-00C04F79EFBC}") = "Agent", "Agent\Agent.csproj", "{9AEBD730-A5DB-4194-BC0C-2D0AC37F536F}"
EndProject
Project("{FAE04EC0-301F-11D3-BF4B-00C04F79EFBC}") = "ReportHelper", "ReportHelper\ReportHelper.csproj", "{940285B7-47F3-49E8-A914-1CF8B73F133C}"
EndProject
Project("{FAE04EC0-301F-11D3-BF4B-00C04F79EFBC}") = "Mandrill", "Mandrill\src\Mandrill\Mandrill.csproj", "{0563EE3C-A65E-4D55-9302-7663C0FE77F7}"
EndProject
Global
	GlobalSection(TeamFoundationVersionControl) = preSolution
		SccNumberOfProjects = 21
		SccEnterpriseProvider = {4CA58AB2-18FA-4F8D-95D4-32DDF27D184C}
		SccTeamFoundationServer = http://10.1.1.204:8080/tfs/tfs2008
		SccLocalPath0 = .
		SccProjectUniqueName1 = EMBACore\\EMBACore.csproj
		SccProjectName1 = EMBACore
		SccLocalPath1 = EMBACore
		SccProjectUniqueName2 = Teacher_UserDefineData\\Teacher_UserDefineData.csproj
		SccProjectName2 = Teacher_UserDefineData
		SccLocalPath2 = Teacher_UserDefineData
		SccProjectUniqueName3 = UDTDetailContentBase\\UDTDetailContentBase\\UDTDetailContentBase.csproj
		SccProjectName3 = UDTDetailContentBase/UDTDetailContentBase
		SccLocalPath3 = UDTDetailContentBase\\UDTDetailContentBase
		SccProjectUniqueName4 = EMBA.Import\\EMBA.Import.csproj
		SccProjectName4 = EMBA.Import
		SccLocalPath4 = EMBA.Import
		SccProjectUniqueName5 = EMBA.DocumentValidator\\EMBA.DocumentValidator.csproj
		SccProjectName5 = EMBA.DocumentValidator
		SccLocalPath5 = EMBA.DocumentValidator
		SccProjectUniqueName6 = EMBA.Validator\\EMBA.Validator.csproj
		SccProjectName6 = EMBA.Validator
		SccLocalPath6 = EMBA.Validator
		SccProjectUniqueName7 = EMBA.Export\\EMBA.Export.csproj
		SccProjectName7 = EMBA.Export
		SccLocalPath7 = EMBA.Export
		SccProjectUniqueName8 = CourseCalender\\CourseCalendar.csproj
		SccProjectName8 = CourseCalender
		SccLocalPath8 = CourseCalender
		SccProjectUniqueName9 = Student_UserDefineData\\Student_UserDefinedData.csproj
		SccProjectName9 = Student_UserDefineData
		SccLocalPath9 = Student_UserDefineData
		SccProjectUniqueName10 = BrowserWrapper\\BrowserWrapper.vbproj
		SccProjectName10 = BrowserWrapper
		SccLocalPath10 = BrowserWrapper
		SccProjectUniqueName11 = UIOrder\\UIOrder.csproj
		SccProjectName11 = UIOrder
		SccLocalPath11 = UIOrder
		SccProjectUniqueName12 = CourseSelection\\CourseSelection.csproj
		SccProjectName12 = CourseSelection
		SccLocalPath12 = CourseSelection
		SccProjectUniqueName13 = TeachingEvaluation\\TeachingEvaluation.csproj
		SccProjectName13 = TeachingEvaluation
		SccLocalPath13 = TeachingEvaluation
		SccProjectUniqueName14 = CaseManagement\\CaseManagement.csproj
		SccProjectName14 = CaseManagement
		SccLocalPath14 = CaseManagement
		SccProjectUniqueName15 = GoogleDrive\\GoogleDrive.csproj
		SccProjectName15 = GoogleDrive
		SccLocalPath15 = GoogleDrive
		SccProjectUniqueName16 = Agent\\Agent.csproj
		SccProjectName16 = Agent
		SccLocalPath16 = Agent
		SccProjectUniqueName17 = Newsletter\\Newsletter.csproj
		SccProjectName17 = Newsletter
		SccLocalPath17 = Newsletter
		SccProjectUniqueName18 = ..\\..\\Research\\A-Team\\ReportHelper\\ReportHelper.csproj
		SccProjectName18 = ../../Research/A-Team/ReportHelper
		SccLocalPath18 = ..\\..\\Research\\A-Team\\ReportHelper
		SccProjectUniqueName19 = Mandrill\\src\\Mandrill\\Mandrill.csproj
		SccProjectName19 = Mandrill/src/Mandrill
		SccLocalPath19 = Mandrill\\src\\Mandrill
		SccProjectUniqueName20 = Mandrill\\MandrillAPI.csproj
		SccProjectName20 = Mandrill
		SccLocalPath20 = Mandrill
	EndGlobalSection
	GlobalSection(SolutionConfigurationPlatforms) = preSolution
		Debug|Any CPU = Debug|Any CPU
		Debug|Mixed Platforms = Debug|Mixed Platforms
		Debug|x86 = Debug|x86
		ELDebug|Any CPU = ELDebug|Any CPU
		ELDebug|Mixed Platforms = ELDebug|Mixed Platforms
		ELDebug|x86 = ELDebug|x86
		Release|Any CPU = Release|Any CPU
		Release|Mixed Platforms = Release|Mixed Platforms
		Release|x86 = Release|x86
	EndGlobalSection
	GlobalSection(ProjectConfigurationPlatforms) = postSolution
		{08EFED99-1D1A-4C69-930C-264351F44F46}.Debug|Any CPU.ActiveCfg = Debug|Any CPU
		{08EFED99-1D1A-4C69-930C-264351F44F46}.Debug|Any CPU.Build.0 = Debug|Any CPU
		{08EFED99-1D1A-4C69-930C-264351F44F46}.Debug|Mixed Platforms.ActiveCfg = Debug|Any CPU
		{08EFED99-1D1A-4C69-930C-264351F44F46}.Debug|Mixed Platforms.Build.0 = Debug|Any CPU
		{08EFED99-1D1A-4C69-930C-264351F44F46}.Debug|x86.ActiveCfg = Debug|Any CPU
		{08EFED99-1D1A-4C69-930C-264351F44F46}.ELDebug|Any CPU.ActiveCfg = ELDebug|Any CPU
		{08EFED99-1D1A-4C69-930C-264351F44F46}.ELDebug|Any CPU.Build.0 = ELDebug|Any CPU
		{08EFED99-1D1A-4C69-930C-264351F44F46}.ELDebug|Mixed Platforms.ActiveCfg = ELDebug|Any CPU
		{08EFED99-1D1A-4C69-930C-264351F44F46}.ELDebug|Mixed Platforms.Build.0 = ELDebug|Any CPU
		{08EFED99-1D1A-4C69-930C-264351F44F46}.ELDebug|x86.ActiveCfg = ELDebug|Any CPU
		{08EFED99-1D1A-4C69-930C-264351F44F46}.Release|Any CPU.ActiveCfg = Release|Any CPU
		{08EFED99-1D1A-4C69-930C-264351F44F46}.Release|Any CPU.Build.0 = Release|Any CPU
		{08EFED99-1D1A-4C69-930C-264351F44F46}.Release|Mixed Platforms.ActiveCfg = Release|Any CPU
		{08EFED99-1D1A-4C69-930C-264351F44F46}.Release|Mixed Platforms.Build.0 = Release|Any CPU
		{08EFED99-1D1A-4C69-930C-264351F44F46}.Release|x86.ActiveCfg = Release|Any CPU
		{C5E32CFE-B208-4900-B55E-321FB8FCBB31}.Debug|Any CPU.ActiveCfg = Debug|Any CPU
		{C5E32CFE-B208-4900-B55E-321FB8FCBB31}.Debug|Any CPU.Build.0 = Debug|Any CPU
		{C5E32CFE-B208-4900-B55E-321FB8FCBB31}.Debug|Mixed Platforms.ActiveCfg = Debug|Any CPU
		{C5E32CFE-B208-4900-B55E-321FB8FCBB31}.Debug|Mixed Platforms.Build.0 = Debug|Any CPU
		{C5E32CFE-B208-4900-B55E-321FB8FCBB31}.Debug|x86.ActiveCfg = Debug|Any CPU
		{C5E32CFE-B208-4900-B55E-321FB8FCBB31}.ELDebug|Any CPU.ActiveCfg = Debug|Any CPU
		{C5E32CFE-B208-4900-B55E-321FB8FCBB31}.ELDebug|Any CPU.Build.0 = Debug|Any CPU
		{C5E32CFE-B208-4900-B55E-321FB8FCBB31}.ELDebug|Mixed Platforms.ActiveCfg = Debug|Any CPU
		{C5E32CFE-B208-4900-B55E-321FB8FCBB31}.ELDebug|Mixed Platforms.Build.0 = Debug|Any CPU
		{C5E32CFE-B208-4900-B55E-321FB8FCBB31}.ELDebug|x86.ActiveCfg = Debug|Any CPU
		{C5E32CFE-B208-4900-B55E-321FB8FCBB31}.Release|Any CPU.ActiveCfg = Release|Any CPU
		{C5E32CFE-B208-4900-B55E-321FB8FCBB31}.Release|Any CPU.Build.0 = Release|Any CPU
		{C5E32CFE-B208-4900-B55E-321FB8FCBB31}.Release|Mixed Platforms.ActiveCfg = Release|Any CPU
		{C5E32CFE-B208-4900-B55E-321FB8FCBB31}.Release|Mixed Platforms.Build.0 = Release|Any CPU
		{C5E32CFE-B208-4900-B55E-321FB8FCBB31}.Release|x86.ActiveCfg = Release|Any CPU
		{30A419D5-800A-45DB-A888-04A5B88B9104}.Debug|Any CPU.ActiveCfg = Debug|Any CPU
		{30A419D5-800A-45DB-A888-04A5B88B9104}.Debug|Any CPU.Build.0 = Debug|Any CPU
		{30A419D5-800A-45DB-A888-04A5B88B9104}.Debug|Mixed Platforms.ActiveCfg = Debug|Any CPU
		{30A419D5-800A-45DB-A888-04A5B88B9104}.Debug|Mixed Platforms.Build.0 = Debug|Any CPU
		{30A419D5-800A-45DB-A888-04A5B88B9104}.Debug|x86.ActiveCfg = Debug|Any CPU
		{30A419D5-800A-45DB-A888-04A5B88B9104}.ELDebug|Any CPU.ActiveCfg = Debug|Any CPU
		{30A419D5-800A-45DB-A888-04A5B88B9104}.ELDebug|Any CPU.Build.0 = Debug|Any CPU
		{30A419D5-800A-45DB-A888-04A5B88B9104}.ELDebug|Mixed Platforms.ActiveCfg = Debug|Any CPU
		{30A419D5-800A-45DB-A888-04A5B88B9104}.ELDebug|Mixed Platforms.Build.0 = Debug|Any CPU
		{30A419D5-800A-45DB-A888-04A5B88B9104}.ELDebug|x86.ActiveCfg = Debug|Any CPU
		{30A419D5-800A-45DB-A888-04A5B88B9104}.Release|Any CPU.ActiveCfg = Release|Any CPU
		{30A419D5-800A-45DB-A888-04A5B88B9104}.Release|Any CPU.Build.0 = Release|Any CPU
		{30A419D5-800A-45DB-A888-04A5B88B9104}.Release|Mixed Platforms.ActiveCfg = Release|Any CPU
		{30A419D5-800A-45DB-A888-04A5B88B9104}.Release|Mixed Platforms.Build.0 = Release|Any CPU
		{30A419D5-800A-45DB-A888-04A5B88B9104}.Release|x86.ActiveCfg = Release|Any CPU
		{A03943B1-4E50-4709-8FE0-521FFF988AE2}.Debug|Any CPU.ActiveCfg = Debug|Any CPU
		{A03943B1-4E50-4709-8FE0-521FFF988AE2}.Debug|Any CPU.Build.0 = Debug|Any CPU
		{A03943B1-4E50-4709-8FE0-521FFF988AE2}.Debug|Mixed Platforms.ActiveCfg = Debug|Any CPU
		{A03943B1-4E50-4709-8FE0-521FFF988AE2}.Debug|Mixed Platforms.Build.0 = Debug|Any CPU
		{A03943B1-4E50-4709-8FE0-521FFF988AE2}.Debug|x86.ActiveCfg = Debug|Any CPU
		{A03943B1-4E50-4709-8FE0-521FFF988AE2}.ELDebug|Any CPU.ActiveCfg = Debug|Any CPU
		{A03943B1-4E50-4709-8FE0-521FFF988AE2}.ELDebug|Any CPU.Build.0 = Debug|Any CPU
		{A03943B1-4E50-4709-8FE0-521FFF988AE2}.ELDebug|Mixed Platforms.ActiveCfg = Debug|Any CPU
		{A03943B1-4E50-4709-8FE0-521FFF988AE2}.ELDebug|Mixed Platforms.Build.0 = Debug|Any CPU
		{A03943B1-4E50-4709-8FE0-521FFF988AE2}.ELDebug|x86.ActiveCfg = Debug|Any CPU
		{A03943B1-4E50-4709-8FE0-521FFF988AE2}.Release|Any CPU.ActiveCfg = Release|Any CPU
		{A03943B1-4E50-4709-8FE0-521FFF988AE2}.Release|Any CPU.Build.0 = Release|Any CPU
		{A03943B1-4E50-4709-8FE0-521FFF988AE2}.Release|Mixed Platforms.ActiveCfg = Release|Any CPU
		{A03943B1-4E50-4709-8FE0-521FFF988AE2}.Release|Mixed Platforms.Build.0 = Release|Any CPU
		{A03943B1-4E50-4709-8FE0-521FFF988AE2}.Release|x86.ActiveCfg = Release|Any CPU
		{3BA76CDE-1BBD-46EA-ACF0-65B1D0344626}.Debug|Any CPU.ActiveCfg = Debug|Any CPU
		{3BA76CDE-1BBD-46EA-ACF0-65B1D0344626}.Debug|Any CPU.Build.0 = Debug|Any CPU
		{3BA76CDE-1BBD-46EA-ACF0-65B1D0344626}.Debug|Mixed Platforms.ActiveCfg = Debug|Any CPU
		{3BA76CDE-1BBD-46EA-ACF0-65B1D0344626}.Debug|Mixed Platforms.Build.0 = Debug|Any CPU
		{3BA76CDE-1BBD-46EA-ACF0-65B1D0344626}.Debug|x86.ActiveCfg = Debug|Any CPU
		{3BA76CDE-1BBD-46EA-ACF0-65B1D0344626}.ELDebug|Any CPU.ActiveCfg = Debug|Any CPU
		{3BA76CDE-1BBD-46EA-ACF0-65B1D0344626}.ELDebug|Any CPU.Build.0 = Debug|Any CPU
		{3BA76CDE-1BBD-46EA-ACF0-65B1D0344626}.ELDebug|Mixed Platforms.ActiveCfg = Debug|Any CPU
		{3BA76CDE-1BBD-46EA-ACF0-65B1D0344626}.ELDebug|Mixed Platforms.Build.0 = Debug|Any CPU
		{3BA76CDE-1BBD-46EA-ACF0-65B1D0344626}.ELDebug|x86.ActiveCfg = Debug|Any CPU
		{3BA76CDE-1BBD-46EA-ACF0-65B1D0344626}.Release|Any CPU.ActiveCfg = Release|Any CPU
		{3BA76CDE-1BBD-46EA-ACF0-65B1D0344626}.Release|Any CPU.Build.0 = Release|Any CPU
		{3BA76CDE-1BBD-46EA-ACF0-65B1D0344626}.Release|Mixed Platforms.ActiveCfg = Release|Any CPU
		{3BA76CDE-1BBD-46EA-ACF0-65B1D0344626}.Release|Mixed Platforms.Build.0 = Release|Any CPU
		{3BA76CDE-1BBD-46EA-ACF0-65B1D0344626}.Release|x86.ActiveCfg = Release|Any CPU
		{A108F18E-D035-45F3-B9D4-F1B612C0DAD9}.Debug|Any CPU.ActiveCfg = Debug|Any CPU
		{A108F18E-D035-45F3-B9D4-F1B612C0DAD9}.Debug|Any CPU.Build.0 = Debug|Any CPU
		{A108F18E-D035-45F3-B9D4-F1B612C0DAD9}.Debug|Mixed Platforms.ActiveCfg = Debug|Any CPU
		{A108F18E-D035-45F3-B9D4-F1B612C0DAD9}.Debug|Mixed Platforms.Build.0 = Debug|Any CPU
		{A108F18E-D035-45F3-B9D4-F1B612C0DAD9}.Debug|x86.ActiveCfg = Debug|Any CPU
		{A108F18E-D035-45F3-B9D4-F1B612C0DAD9}.ELDebug|Any CPU.ActiveCfg = Debug|Any CPU
		{A108F18E-D035-45F3-B9D4-F1B612C0DAD9}.ELDebug|Any CPU.Build.0 = Debug|Any CPU
		{A108F18E-D035-45F3-B9D4-F1B612C0DAD9}.ELDebug|Mixed Platforms.ActiveCfg = Debug|Any CPU
		{A108F18E-D035-45F3-B9D4-F1B612C0DAD9}.ELDebug|Mixed Platforms.Build.0 = Debug|Any CPU
		{A108F18E-D035-45F3-B9D4-F1B612C0DAD9}.ELDebug|x86.ActiveCfg = Debug|Any CPU
		{A108F18E-D035-45F3-B9D4-F1B612C0DAD9}.Release|Any CPU.ActiveCfg = Release|Any CPU
		{A108F18E-D035-45F3-B9D4-F1B612C0DAD9}.Release|Any CPU.Build.0 = Release|Any CPU
		{A108F18E-D035-45F3-B9D4-F1B612C0DAD9}.Release|Mixed Platforms.ActiveCfg = Release|Any CPU
		{A108F18E-D035-45F3-B9D4-F1B612C0DAD9}.Release|Mixed Platforms.Build.0 = Release|Any CPU
		{A108F18E-D035-45F3-B9D4-F1B612C0DAD9}.Release|x86.ActiveCfg = Release|Any CPU
		{FEA37838-0B12-483A-8091-4B1A9A2C9378}.Debug|Any CPU.ActiveCfg = Debug|Any CPU
		{FEA37838-0B12-483A-8091-4B1A9A2C9378}.Debug|Any CPU.Build.0 = Debug|Any CPU
		{FEA37838-0B12-483A-8091-4B1A9A2C9378}.Debug|Mixed Platforms.ActiveCfg = Debug|Any CPU
		{FEA37838-0B12-483A-8091-4B1A9A2C9378}.Debug|Mixed Platforms.Build.0 = Debug|Any CPU
		{FEA37838-0B12-483A-8091-4B1A9A2C9378}.Debug|x86.ActiveCfg = Debug|Any CPU
		{FEA37838-0B12-483A-8091-4B1A9A2C9378}.ELDebug|Any CPU.ActiveCfg = Debug|Any CPU
		{FEA37838-0B12-483A-8091-4B1A9A2C9378}.ELDebug|Any CPU.Build.0 = Debug|Any CPU
		{FEA37838-0B12-483A-8091-4B1A9A2C9378}.ELDebug|Mixed Platforms.ActiveCfg = Debug|Any CPU
		{FEA37838-0B12-483A-8091-4B1A9A2C9378}.ELDebug|Mixed Platforms.Build.0 = Debug|Any CPU
		{FEA37838-0B12-483A-8091-4B1A9A2C9378}.ELDebug|x86.ActiveCfg = Debug|Any CPU
		{FEA37838-0B12-483A-8091-4B1A9A2C9378}.Release|Any CPU.ActiveCfg = Release|Any CPU
		{FEA37838-0B12-483A-8091-4B1A9A2C9378}.Release|Any CPU.Build.0 = Release|Any CPU
		{FEA37838-0B12-483A-8091-4B1A9A2C9378}.Release|Mixed Platforms.ActiveCfg = Release|Any CPU
		{FEA37838-0B12-483A-8091-4B1A9A2C9378}.Release|Mixed Platforms.Build.0 = Release|Any CPU
		{FEA37838-0B12-483A-8091-4B1A9A2C9378}.Release|x86.ActiveCfg = Release|Any CPU
		{47631CAA-4F81-4458-99A0-31B342803ECB}.Debug|Any CPU.ActiveCfg = Debug|Any CPU
		{47631CAA-4F81-4458-99A0-31B342803ECB}.Debug|Any CPU.Build.0 = Debug|Any CPU
		{47631CAA-4F81-4458-99A0-31B342803ECB}.Debug|Mixed Platforms.ActiveCfg = Debug|Any CPU
		{47631CAA-4F81-4458-99A0-31B342803ECB}.Debug|Mixed Platforms.Build.0 = Debug|Any CPU
		{47631CAA-4F81-4458-99A0-31B342803ECB}.Debug|x86.ActiveCfg = Debug|Any CPU
		{47631CAA-4F81-4458-99A0-31B342803ECB}.ELDebug|Any CPU.ActiveCfg = Debug|Any CPU
		{47631CAA-4F81-4458-99A0-31B342803ECB}.ELDebug|Any CPU.Build.0 = Debug|Any CPU
		{47631CAA-4F81-4458-99A0-31B342803ECB}.ELDebug|Mixed Platforms.ActiveCfg = Debug|Any CPU
		{47631CAA-4F81-4458-99A0-31B342803ECB}.ELDebug|Mixed Platforms.Build.0 = Debug|Any CPU
		{47631CAA-4F81-4458-99A0-31B342803ECB}.ELDebug|x86.ActiveCfg = Debug|Any CPU
		{47631CAA-4F81-4458-99A0-31B342803ECB}.Release|Any CPU.ActiveCfg = Release|Any CPU
		{47631CAA-4F81-4458-99A0-31B342803ECB}.Release|Any CPU.Build.0 = Release|Any CPU
		{47631CAA-4F81-4458-99A0-31B342803ECB}.Release|Mixed Platforms.ActiveCfg = Release|Any CPU
		{47631CAA-4F81-4458-99A0-31B342803ECB}.Release|Mixed Platforms.Build.0 = Release|Any CPU
		{47631CAA-4F81-4458-99A0-31B342803ECB}.Release|x86.ActiveCfg = Release|Any CPU
		{B8AAC571-9BAE-4499-9BE9-B32013315472}.Debug|Any CPU.ActiveCfg = Debug|x86
		{B8AAC571-9BAE-4499-9BE9-B32013315472}.Debug|Mixed Platforms.ActiveCfg = Debug|x86
		{B8AAC571-9BAE-4499-9BE9-B32013315472}.Debug|Mixed Platforms.Build.0 = Debug|x86
		{B8AAC571-9BAE-4499-9BE9-B32013315472}.Debug|x86.ActiveCfg = Debug|x86
		{B8AAC571-9BAE-4499-9BE9-B32013315472}.Debug|x86.Build.0 = Debug|x86
		{B8AAC571-9BAE-4499-9BE9-B32013315472}.ELDebug|Any CPU.ActiveCfg = Debug|x86
		{B8AAC571-9BAE-4499-9BE9-B32013315472}.ELDebug|Mixed Platforms.ActiveCfg = Debug|x86
		{B8AAC571-9BAE-4499-9BE9-B32013315472}.ELDebug|Mixed Platforms.Build.0 = Debug|x86
		{B8AAC571-9BAE-4499-9BE9-B32013315472}.ELDebug|x86.ActiveCfg = Debug|x86
		{B8AAC571-9BAE-4499-9BE9-B32013315472}.ELDebug|x86.Build.0 = Debug|x86
		{B8AAC571-9BAE-4499-9BE9-B32013315472}.Release|Any CPU.ActiveCfg = Release|x86
		{B8AAC571-9BAE-4499-9BE9-B32013315472}.Release|Mixed Platforms.ActiveCfg = Release|x86
		{B8AAC571-9BAE-4499-9BE9-B32013315472}.Release|Mixed Platforms.Build.0 = Release|x86
		{B8AAC571-9BAE-4499-9BE9-B32013315472}.Release|x86.ActiveCfg = Release|x86
		{B8AAC571-9BAE-4499-9BE9-B32013315472}.Release|x86.Build.0 = Release|x86
		{D3F011FF-9EA6-4DFB-845F-49742EC0A623}.Debug|Any CPU.ActiveCfg = Debug|Any CPU
		{D3F011FF-9EA6-4DFB-845F-49742EC0A623}.Debug|Any CPU.Build.0 = Debug|Any CPU
		{D3F011FF-9EA6-4DFB-845F-49742EC0A623}.Debug|Mixed Platforms.ActiveCfg = Debug|Any CPU
		{D3F011FF-9EA6-4DFB-845F-49742EC0A623}.Debug|Mixed Platforms.Build.0 = Debug|Any CPU
		{D3F011FF-9EA6-4DFB-845F-49742EC0A623}.Debug|x86.ActiveCfg = Debug|Any CPU
		{D3F011FF-9EA6-4DFB-845F-49742EC0A623}.ELDebug|Any CPU.ActiveCfg = Debug|Any CPU
		{D3F011FF-9EA6-4DFB-845F-49742EC0A623}.ELDebug|Any CPU.Build.0 = Debug|Any CPU
		{D3F011FF-9EA6-4DFB-845F-49742EC0A623}.ELDebug|Mixed Platforms.ActiveCfg = Debug|Any CPU
		{D3F011FF-9EA6-4DFB-845F-49742EC0A623}.ELDebug|Mixed Platforms.Build.0 = Debug|Any CPU
		{D3F011FF-9EA6-4DFB-845F-49742EC0A623}.ELDebug|x86.ActiveCfg = Debug|Any CPU
		{D3F011FF-9EA6-4DFB-845F-49742EC0A623}.Release|Any CPU.ActiveCfg = Release|Any CPU
		{D3F011FF-9EA6-4DFB-845F-49742EC0A623}.Release|Any CPU.Build.0 = Release|Any CPU
		{D3F011FF-9EA6-4DFB-845F-49742EC0A623}.Release|Mixed Platforms.ActiveCfg = Release|Any CPU
		{D3F011FF-9EA6-4DFB-845F-49742EC0A623}.Release|Mixed Platforms.Build.0 = Release|Any CPU
		{D3F011FF-9EA6-4DFB-845F-49742EC0A623}.Release|x86.ActiveCfg = Release|Any CPU
		{2E32D3AC-C214-4584-BF20-B5112C5A28CD}.Debug|Any CPU.ActiveCfg = Debug|x86
		{2E32D3AC-C214-4584-BF20-B5112C5A28CD}.Debug|Mixed Platforms.ActiveCfg = Debug|x86
		{2E32D3AC-C214-4584-BF20-B5112C5A28CD}.Debug|Mixed Platforms.Build.0 = Debug|x86
		{2E32D3AC-C214-4584-BF20-B5112C5A28CD}.Debug|x86.ActiveCfg = Debug|x86
		{2E32D3AC-C214-4584-BF20-B5112C5A28CD}.Debug|x86.Build.0 = Debug|x86
		{2E32D3AC-C214-4584-BF20-B5112C5A28CD}.ELDebug|Any CPU.ActiveCfg = Debug|x86
		{2E32D3AC-C214-4584-BF20-B5112C5A28CD}.ELDebug|Mixed Platforms.ActiveCfg = Debug|x86
		{2E32D3AC-C214-4584-BF20-B5112C5A28CD}.ELDebug|Mixed Platforms.Build.0 = Debug|x86
		{2E32D3AC-C214-4584-BF20-B5112C5A28CD}.ELDebug|x86.ActiveCfg = Debug|x86
		{2E32D3AC-C214-4584-BF20-B5112C5A28CD}.ELDebug|x86.Build.0 = Debug|x86
		{2E32D3AC-C214-4584-BF20-B5112C5A28CD}.Release|Any CPU.ActiveCfg = Release|x86
		{2E32D3AC-C214-4584-BF20-B5112C5A28CD}.Release|Mixed Platforms.ActiveCfg = Release|x86
		{2E32D3AC-C214-4584-BF20-B5112C5A28CD}.Release|Mixed Platforms.Build.0 = Release|x86
		{2E32D3AC-C214-4584-BF20-B5112C5A28CD}.Release|x86.ActiveCfg = Release|x86
		{2E32D3AC-C214-4584-BF20-B5112C5A28CD}.Release|x86.Build.0 = Release|x86
		{F82F6176-6207-4C14-8157-C748964AE975}.Debug|Any CPU.ActiveCfg = Debug|Any CPU
		{F82F6176-6207-4C14-8157-C748964AE975}.Debug|Any CPU.Build.0 = Debug|Any CPU
		{F82F6176-6207-4C14-8157-C748964AE975}.Debug|Mixed Platforms.ActiveCfg = Debug|Any CPU
		{F82F6176-6207-4C14-8157-C748964AE975}.Debug|Mixed Platforms.Build.0 = Debug|Any CPU
		{F82F6176-6207-4C14-8157-C748964AE975}.Debug|x86.ActiveCfg = Debug|Any CPU
		{F82F6176-6207-4C14-8157-C748964AE975}.ELDebug|Any CPU.ActiveCfg = Debug|Any CPU
		{F82F6176-6207-4C14-8157-C748964AE975}.ELDebug|Any CPU.Build.0 = Debug|Any CPU
		{F82F6176-6207-4C14-8157-C748964AE975}.ELDebug|Mixed Platforms.ActiveCfg = Debug|Any CPU
		{F82F6176-6207-4C14-8157-C748964AE975}.ELDebug|Mixed Platforms.Build.0 = Debug|Any CPU
		{F82F6176-6207-4C14-8157-C748964AE975}.ELDebug|x86.ActiveCfg = Debug|Any CPU
		{F82F6176-6207-4C14-8157-C748964AE975}.Release|Any CPU.ActiveCfg = Release|Any CPU
		{F82F6176-6207-4C14-8157-C748964AE975}.Release|Any CPU.Build.0 = Release|Any CPU
		{F82F6176-6207-4C14-8157-C748964AE975}.Release|Mixed Platforms.ActiveCfg = Release|Any CPU
		{F82F6176-6207-4C14-8157-C748964AE975}.Release|Mixed Platforms.Build.0 = Release|Any CPU
		{F82F6176-6207-4C14-8157-C748964AE975}.Release|x86.ActiveCfg = Release|Any CPU
		{2E307C1A-874C-4E38-8229-24015F4B4591}.Debug|Any CPU.ActiveCfg = Debug|x86
		{2E307C1A-874C-4E38-8229-24015F4B4591}.Debug|Mixed Platforms.ActiveCfg = Debug|x86
		{2E307C1A-874C-4E38-8229-24015F4B4591}.Debug|Mixed Platforms.Build.0 = Debug|x86
		{2E307C1A-874C-4E38-8229-24015F4B4591}.Debug|x86.ActiveCfg = Debug|x86
		{2E307C1A-874C-4E38-8229-24015F4B4591}.Debug|x86.Build.0 = Debug|x86
		{2E307C1A-874C-4E38-8229-24015F4B4591}.ELDebug|Any CPU.ActiveCfg = Debug|x86
		{2E307C1A-874C-4E38-8229-24015F4B4591}.ELDebug|Mixed Platforms.ActiveCfg = Debug|x86
		{2E307C1A-874C-4E38-8229-24015F4B4591}.ELDebug|Mixed Platforms.Build.0 = Debug|x86
		{2E307C1A-874C-4E38-8229-24015F4B4591}.ELDebug|x86.ActiveCfg = Debug|x86
		{2E307C1A-874C-4E38-8229-24015F4B4591}.ELDebug|x86.Build.0 = Debug|x86
		{2E307C1A-874C-4E38-8229-24015F4B4591}.Release|Any CPU.ActiveCfg = Release|x86
		{2E307C1A-874C-4E38-8229-24015F4B4591}.Release|Mixed Platforms.ActiveCfg = Release|x86
		{2E307C1A-874C-4E38-8229-24015F4B4591}.Release|Mixed Platforms.Build.0 = Release|x86
		{2E307C1A-874C-4E38-8229-24015F4B4591}.Release|x86.ActiveCfg = Release|x86
		{2E307C1A-874C-4E38-8229-24015F4B4591}.Release|x86.Build.0 = Release|x86
		{BF26BA32-1CE0-475E-A68C-3B0B2405FC35}.Debug|Any CPU.ActiveCfg = Debug|Any CPU
		{BF26BA32-1CE0-475E-A68C-3B0B2405FC35}.Debug|Any CPU.Build.0 = Debug|Any CPU
		{BF26BA32-1CE0-475E-A68C-3B0B2405FC35}.Debug|Mixed Platforms.ActiveCfg = Debug|Any CPU
		{BF26BA32-1CE0-475E-A68C-3B0B2405FC35}.Debug|Mixed Platforms.Build.0 = Debug|Any CPU
		{BF26BA32-1CE0-475E-A68C-3B0B2405FC35}.Debug|x86.ActiveCfg = Debug|Any CPU
		{BF26BA32-1CE0-475E-A68C-3B0B2405FC35}.ELDebug|Any CPU.ActiveCfg = Debug|Any CPU
		{BF26BA32-1CE0-475E-A68C-3B0B2405FC35}.ELDebug|Any CPU.Build.0 = Debug|Any CPU
		{BF26BA32-1CE0-475E-A68C-3B0B2405FC35}.ELDebug|Mixed Platforms.ActiveCfg = Debug|Any CPU
		{BF26BA32-1CE0-475E-A68C-3B0B2405FC35}.ELDebug|Mixed Platforms.Build.0 = Debug|Any CPU
		{BF26BA32-1CE0-475E-A68C-3B0B2405FC35}.ELDebug|x86.ActiveCfg = Debug|Any CPU
		{BF26BA32-1CE0-475E-A68C-3B0B2405FC35}.Release|Any CPU.ActiveCfg = Release|Any CPU
		{BF26BA32-1CE0-475E-A68C-3B0B2405FC35}.Release|Any CPU.Build.0 = Release|Any CPU
		{BF26BA32-1CE0-475E-A68C-3B0B2405FC35}.Release|Mixed Platforms.ActiveCfg = Release|Any CPU
		{BF26BA32-1CE0-475E-A68C-3B0B2405FC35}.Release|Mixed Platforms.Build.0 = Release|Any CPU
		{BF26BA32-1CE0-475E-A68C-3B0B2405FC35}.Release|x86.ActiveCfg = Release|Any CPU
		{5C35222A-9930-40C5-BCFD-AC946F1810C6}.Debug|Any CPU.ActiveCfg = Debug|Any CPU
		{5C35222A-9930-40C5-BCFD-AC946F1810C6}.Debug|Any CPU.Build.0 = Debug|Any CPU
		{5C35222A-9930-40C5-BCFD-AC946F1810C6}.Debug|Mixed Platforms.ActiveCfg = Debug|Any CPU
		{5C35222A-9930-40C5-BCFD-AC946F1810C6}.Debug|Mixed Platforms.Build.0 = Debug|Any CPU
		{5C35222A-9930-40C5-BCFD-AC946F1810C6}.Debug|x86.ActiveCfg = Debug|Any CPU
		{5C35222A-9930-40C5-BCFD-AC946F1810C6}.ELDebug|Any CPU.ActiveCfg = Debug|Any CPU
		{5C35222A-9930-40C5-BCFD-AC946F1810C6}.ELDebug|Any CPU.Build.0 = Debug|Any CPU
		{5C35222A-9930-40C5-BCFD-AC946F1810C6}.ELDebug|Mixed Platforms.ActiveCfg = Debug|Any CPU
		{5C35222A-9930-40C5-BCFD-AC946F1810C6}.ELDebug|Mixed Platforms.Build.0 = Debug|Any CPU
		{5C35222A-9930-40C5-BCFD-AC946F1810C6}.ELDebug|x86.ActiveCfg = Debug|Any CPU
		{5C35222A-9930-40C5-BCFD-AC946F1810C6}.Release|Any CPU.ActiveCfg = Release|Any CPU
		{5C35222A-9930-40C5-BCFD-AC946F1810C6}.Release|Any CPU.Build.0 = Release|Any CPU
		{5C35222A-9930-40C5-BCFD-AC946F1810C6}.Release|Mixed Platforms.ActiveCfg = Release|Any CPU
		{5C35222A-9930-40C5-BCFD-AC946F1810C6}.Release|Mixed Platforms.Build.0 = Release|Any CPU
		{5C35222A-9930-40C5-BCFD-AC946F1810C6}.Release|x86.ActiveCfg = Release|Any CPU
		{9AEBD730-A5DB-4194-BC0C-2D0AC37F536F}.Debug|Any CPU.ActiveCfg = Debug|Any CPU
		{9AEBD730-A5DB-4194-BC0C-2D0AC37F536F}.Debug|Any CPU.Build.0 = Debug|Any CPU
		{9AEBD730-A5DB-4194-BC0C-2D0AC37F536F}.Debug|Mixed Platforms.ActiveCfg = Debug|Any CPU
		{9AEBD730-A5DB-4194-BC0C-2D0AC37F536F}.Debug|Mixed Platforms.Build.0 = Debug|Any CPU
		{9AEBD730-A5DB-4194-BC0C-2D0AC37F536F}.Debug|x86.ActiveCfg = Debug|Any CPU
		{9AEBD730-A5DB-4194-BC0C-2D0AC37F536F}.ELDebug|Any CPU.ActiveCfg = Debug|Any CPU
		{9AEBD730-A5DB-4194-BC0C-2D0AC37F536F}.ELDebug|Any CPU.Build.0 = Debug|Any CPU
		{9AEBD730-A5DB-4194-BC0C-2D0AC37F536F}.ELDebug|Mixed Platforms.ActiveCfg = Debug|Any CPU
		{9AEBD730-A5DB-4194-BC0C-2D0AC37F536F}.ELDebug|Mixed Platforms.Build.0 = Debug|Any CPU
		{9AEBD730-A5DB-4194-BC0C-2D0AC37F536F}.ELDebug|x86.ActiveCfg = Debug|Any CPU
		{9AEBD730-A5DB-4194-BC0C-2D0AC37F536F}.Release|Any CPU.ActiveCfg = Release|Any CPU
		{9AEBD730-A5DB-4194-BC0C-2D0AC37F536F}.Release|Any CPU.Build.0 = Release|Any CPU
		{9AEBD730-A5DB-4194-BC0C-2D0AC37F536F}.Release|Mixed Platforms.ActiveCfg = Release|Any CPU
		{9AEBD730-A5DB-4194-BC0C-2D0AC37F536F}.Release|Mixed Platforms.Build.0 = Release|Any CPU
		{9AEBD730-A5DB-4194-BC0C-2D0AC37F536F}.Release|x86.ActiveCfg = Release|Any CPU
		{525F1A53-BF69-432F-BA24-D2B2E8D93A1E}.Debug|Any CPU.ActiveCfg = Debug|Any CPU
		{525F1A53-BF69-432F-BA24-D2B2E8D93A1E}.Debug|Any CPU.Build.0 = Debug|Any CPU
		{525F1A53-BF69-432F-BA24-D2B2E8D93A1E}.Debug|Mixed Platforms.ActiveCfg = Debug|Any CPU
		{525F1A53-BF69-432F-BA24-D2B2E8D93A1E}.Debug|Mixed Platforms.Build.0 = Debug|Any CPU
		{525F1A53-BF69-432F-BA24-D2B2E8D93A1E}.Debug|x86.ActiveCfg = Debug|Any CPU
		{525F1A53-BF69-432F-BA24-D2B2E8D93A1E}.ELDebug|Any CPU.ActiveCfg = Debug|Any CPU
		{525F1A53-BF69-432F-BA24-D2B2E8D93A1E}.ELDebug|Any CPU.Build.0 = Debug|Any CPU
		{525F1A53-BF69-432F-BA24-D2B2E8D93A1E}.ELDebug|Mixed Platforms.ActiveCfg = Debug|Any CPU
		{525F1A53-BF69-432F-BA24-D2B2E8D93A1E}.ELDebug|Mixed Platforms.Build.0 = Debug|Any CPU
		{525F1A53-BF69-432F-BA24-D2B2E8D93A1E}.ELDebug|x86.ActiveCfg = Debug|Any CPU
		{525F1A53-BF69-432F-BA24-D2B2E8D93A1E}.Release|Any CPU.ActiveCfg = Release|Any CPU
		{525F1A53-BF69-432F-BA24-D2B2E8D93A1E}.Release|Any CPU.Build.0 = Release|Any CPU
		{525F1A53-BF69-432F-BA24-D2B2E8D93A1E}.Release|Mixed Platforms.ActiveCfg = Release|Any CPU
		{525F1A53-BF69-432F-BA24-D2B2E8D93A1E}.Release|Mixed Platforms.Build.0 = Release|Any CPU
		{525F1A53-BF69-432F-BA24-D2B2E8D93A1E}.Release|x86.ActiveCfg = Release|Any CPU
		{940285B7-47F3-49E8-A914-1CF8B73F133C}.Debug|Any CPU.ActiveCfg = Debug|Any CPU
		{940285B7-47F3-49E8-A914-1CF8B73F133C}.Debug|Any CPU.Build.0 = Debug|Any CPU
		{940285B7-47F3-49E8-A914-1CF8B73F133C}.Debug|Mixed Platforms.ActiveCfg = Debug|Any CPU
		{940285B7-47F3-49E8-A914-1CF8B73F133C}.Debug|Mixed Platforms.Build.0 = Debug|Any CPU
		{940285B7-47F3-49E8-A914-1CF8B73F133C}.Debug|x86.ActiveCfg = Debug|Any CPU
		{940285B7-47F3-49E8-A914-1CF8B73F133C}.ELDebug|Any CPU.ActiveCfg = Debug|Any CPU
		{940285B7-47F3-49E8-A914-1CF8B73F133C}.ELDebug|Any CPU.Build.0 = Debug|Any CPU
		{940285B7-47F3-49E8-A914-1CF8B73F133C}.ELDebug|Mixed Platforms.ActiveCfg = Debug|Any CPU
		{940285B7-47F3-49E8-A914-1CF8B73F133C}.ELDebug|Mixed Platforms.Build.0 = Debug|Any CPU
		{940285B7-47F3-49E8-A914-1CF8B73F133C}.ELDebug|x86.ActiveCfg = Debug|Any CPU
		{940285B7-47F3-49E8-A914-1CF8B73F133C}.Release|Any CPU.ActiveCfg = Release|Any CPU
		{940285B7-47F3-49E8-A914-1CF8B73F133C}.Release|Any CPU.Build.0 = Release|Any CPU
		{940285B7-47F3-49E8-A914-1CF8B73F133C}.Release|Mixed Platforms.ActiveCfg = Release|Any CPU
		{940285B7-47F3-49E8-A914-1CF8B73F133C}.Release|Mixed Platforms.Build.0 = Release|Any CPU
		{940285B7-47F3-49E8-A914-1CF8B73F133C}.Release|x86.ActiveCfg = Release|Any CPU
		{65AA7F0A-4254-4E9C-B3F0-6DFB946EF4A6}.Debug|Any CPU.ActiveCfg = Debug|Any CPU
		{65AA7F0A-4254-4E9C-B3F0-6DFB946EF4A6}.Debug|Any CPU.Build.0 = Debug|Any CPU
		{65AA7F0A-4254-4E9C-B3F0-6DFB946EF4A6}.Debug|Mixed Platforms.ActiveCfg = Debug|Any CPU
		{65AA7F0A-4254-4E9C-B3F0-6DFB946EF4A6}.Debug|Mixed Platforms.Build.0 = Debug|Any CPU
		{65AA7F0A-4254-4E9C-B3F0-6DFB946EF4A6}.Debug|x86.ActiveCfg = Debug|Any CPU
		{65AA7F0A-4254-4E9C-B3F0-6DFB946EF4A6}.ELDebug|Any CPU.ActiveCfg = Debug|Any CPU
		{65AA7F0A-4254-4E9C-B3F0-6DFB946EF4A6}.ELDebug|Any CPU.Build.0 = Debug|Any CPU
		{65AA7F0A-4254-4E9C-B3F0-6DFB946EF4A6}.ELDebug|Mixed Platforms.ActiveCfg = Debug|Any CPU
		{65AA7F0A-4254-4E9C-B3F0-6DFB946EF4A6}.ELDebug|Mixed Platforms.Build.0 = Debug|Any CPU
		{65AA7F0A-4254-4E9C-B3F0-6DFB946EF4A6}.ELDebug|x86.ActiveCfg = Debug|Any CPU
		{65AA7F0A-4254-4E9C-B3F0-6DFB946EF4A6}.Release|Any CPU.ActiveCfg = Release|Any CPU
		{65AA7F0A-4254-4E9C-B3F0-6DFB946EF4A6}.Release|Any CPU.Build.0 = Release|Any CPU
		{65AA7F0A-4254-4E9C-B3F0-6DFB946EF4A6}.Release|Mixed Platforms.ActiveCfg = Release|Any CPU
		{65AA7F0A-4254-4E9C-B3F0-6DFB946EF4A6}.Release|Mixed Platforms.Build.0 = Release|Any CPU
		{65AA7F0A-4254-4E9C-B3F0-6DFB946EF4A6}.Release|x86.ActiveCfg = Release|Any CPU
		{0563EE3C-A65E-4D55-9302-7663C0FE77F7}.Debug|Any CPU.ActiveCfg = Debug|Any CPU
		{0563EE3C-A65E-4D55-9302-7663C0FE77F7}.Debug|Any CPU.Build.0 = Debug|Any CPU
		{0563EE3C-A65E-4D55-9302-7663C0FE77F7}.Debug|Mixed Platforms.ActiveCfg = Debug|Any CPU
		{0563EE3C-A65E-4D55-9302-7663C0FE77F7}.Debug|Mixed Platforms.Build.0 = Debug|Any CPU
		{0563EE3C-A65E-4D55-9302-7663C0FE77F7}.Debug|x86.ActiveCfg = Debug|Any CPU
		{0563EE3C-A65E-4D55-9302-7663C0FE77F7}.ELDebug|Any CPU.ActiveCfg = Debug|Any CPU
		{0563EE3C-A65E-4D55-9302-7663C0FE77F7}.ELDebug|Any CPU.Build.0 = Debug|Any CPU
		{0563EE3C-A65E-4D55-9302-7663C0FE77F7}.ELDebug|Mixed Platforms.ActiveCfg = Debug|Any CPU
		{0563EE3C-A65E-4D55-9302-7663C0FE77F7}.ELDebug|Mixed Platforms.Build.0 = Debug|Any CPU
		{0563EE3C-A65E-4D55-9302-7663C0FE77F7}.ELDebug|x86.ActiveCfg = Debug|Any CPU
		{0563EE3C-A65E-4D55-9302-7663C0FE77F7}.Release|Any CPU.ActiveCfg = Release|Any CPU
		{0563EE3C-A65E-4D55-9302-7663C0FE77F7}.Release|Any CPU.Build.0 = Release|Any CPU
		{0563EE3C-A65E-4D55-9302-7663C0FE77F7}.Release|Mixed Platforms.ActiveCfg = Release|Any CPU
		{0563EE3C-A65E-4D55-9302-7663C0FE77F7}.Release|Mixed Platforms.Build.0 = Release|Any CPU
		{0563EE3C-A65E-4D55-9302-7663C0FE77F7}.Release|x86.ActiveCfg = Release|Any CPU
	EndGlobalSection
	GlobalSection(SolutionProperties) = preSolution
		HideSolutionNode = FALSE
	EndGlobalSection
EndGlobal
